
Microsoft Visual Studio Solution File, Format Version 12.00
# Visual Studio Version 17
VisualStudioVersion = 17.7.34031.279
MinimumVisualStudioVersion = 10.0.40219.1
Project("{9A19103F-16F7-4668-BE54-9A1E7A4F7556}") = "HackerSpace.Server", "HackerSpace\Server\HackerSpace.Server.csproj", "{BE67F1BA-0D68-45F6-8ED6-29BCA7D9BE95}"
EndProject
Project("{9A19103F-16F7-4668-BE54-9A1E7A4F7556}") = "HackerSpace.Client", "HackerSpace\Client\HackerSpace.Client.csproj", "{93B93BD3-6CCA-449F-A3AC-A0B34F99D35C}"
EndProject
Project("{9A19103F-16F7-4668-BE54-9A1E7A4F7556}") = "HackerSpace.Shared", "HackerSpace\Shared\HackerSpace.Shared.csproj", "{F457DCAF-C688-4A19-A204-A2B146E4B930}"
EndProject
Global
	GlobalSection(SolutionConfigurationPlatforms) = preSolution
		Debug|Any CPU = Debug|Any CPU
		Release|Any CPU = Release|Any CPU
	EndGlobalSection
	GlobalSection(ProjectConfigurationPlatforms) = postSolution
		{BE67F1BA-0D68-45F6-8ED6-29BCA7D9BE95}.Debug|Any CPU.ActiveCfg = Debug|Any CPU
		{BE67F1BA-0D68-45F6-8ED6-29BCA7D9BE95}.Debug|Any CPU.Build.0 = Debug|Any CPU
		{BE67F1BA-0D68-45F6-8ED6-29BCA7D9BE95}.Release|Any CPU.ActiveCfg = Release|Any CPU
		{BE67F1BA-0D68-45F6-8ED6-29BCA7D9BE95}.Release|Any CPU.Build.0 = Release|Any CPU
		{93B93BD3-6CCA-449F-A3AC-A0B34F99D35C}.Debug|Any CPU.ActiveCfg = Debug|Any CPU
		{93B93BD3-6CCA-449F-A3AC-A0B34F99D35C}.Debug|Any CPU.Build.0 = Debug|Any CPU
		{93B93BD3-6CCA-449F-A3AC-A0B34F99D35C}.Release|Any CPU.ActiveCfg = Release|Any CPU
		{93B93BD3-6CCA-449F-A3AC-A0B34F99D35C}.Release|Any CPU.Build.0 = Release|Any CPU
		{F457DCAF-C688-4A19-A204-A2B146E4B930}.Debug|Any CPU.ActiveCfg = Debug|Any CPU
		{F457DCAF-C688-4A19-A204-A2B146E4B930}.Debug|Any CPU.Build.0 = Debug|Any CPU
		{F457DCAF-C688-4A19-A204-A2B146E4B930}.Release|Any CPU.ActiveCfg = Release|Any CPU
		{F457DCAF-C688-4A19-A204-A2B146E4B930}.Release|Any CPU.Build.0 = Release|Any CPU
	EndGlobalSection
	GlobalSection(SolutionProperties) = preSolution
		HideSolutionNode = FALSE
	EndGlobalSection
	GlobalSection(ExtensibilityGlobals) = postSolution
		SolutionGuid = {E207C476-9CE5-46DA-A3A6-6CC0763DDDFF}
	EndGlobalSection
EndGlobal
